
Microsoft Visual Studio Solution File, Format Version 12.00
# Visual Studio Version 17
VisualStudioVersion = 17.0.31903.59
MinimumVisualStudioVersion = 10.0.40219.1
Project("{9A19103F-16F7-4668-BE54-9A1E7A4F7556}") = "blazorpilet", "blazorpilet\blazorpilet.csproj", "{FB9C3D84-EA09-4398-A6D8-845FD4010DCC}"
EndProject
Global
	GlobalSection(SolutionConfigurationPlatforms) = preSolution
		Debug|Any CPU = Debug|Any CPU
		Release|Any CPU = Release|Any CPU
	EndGlobalSection
	GlobalSection(ProjectConfigurationPlatforms) = postSolution
		{FB9C3D84-EA09-4398-A6D8-845FD4010DCC}.Debug|Any CPU.ActiveCfg = Debug|Any CPU
		{FB9C3D84-EA09-4398-A6D8-845FD4010DCC}.Debug|Any CPU.Build.0 = Debug|Any CPU
		{FB9C3D84-EA09-4398-A6D8-845FD4010DCC}.Release|Any CPU.ActiveCfg = Release|Any CPU
		{FB9C3D84-EA09-4398-A6D8-845FD4010DCC}.Release|Any CPU.Build.0 = Release|Any CPU
	EndGlobalSection
	GlobalSection(SolutionProperties) = preSolution
		HideSolutionNode = FALSE
	EndGlobalSection
	GlobalSection(ExtensibilityGlobals) = postSolution
		SolutionGuid = {BDA2492C-E87B-41FD-910B-AA0A895D6724}
	EndGlobalSection
EndGlobal
